
Microsoft Visual Studio Solution File, Format Version 12.00
# Visual Studio Version 17
VisualStudioVersion = 17.7.34003.232
MinimumVisualStudioVersion = 10.0.40219.1
Project("{9A19103F-16F7-4668-BE54-9A1E7A4F7556}") = "EasyTcpSocket", "EasyTcpSocket\EasyTcpSocket.csproj", "{978AF6C8-293B-4ACC-8788-00F8873DAAEC}"
EndProject
Project("{FAE04EC0-301F-11D3-BF4B-00C04F79EFBC}") = "test_server", "test_server\test_server.csproj", "{67560A9E-2026-47FC-8C85-AB2CF0A702D6}"
EndProject
Project("{FAE04EC0-301F-11D3-BF4B-00C04F79EFBC}") = "test_client", "test_client\test_client.csproj", "{E58D2A89-403A-4C0A-898E-B3BBA7C7B94B}"
EndProject
Global
	GlobalSection(SolutionConfigurationPlatforms) = preSolution
		Debug|Any CPU = Debug|Any CPU
		Release|Any CPU = Release|Any CPU
	EndGlobalSection
	GlobalSection(ProjectConfigurationPlatforms) = postSolution
		{978AF6C8-293B-4ACC-8788-00F8873DAAEC}.Debug|Any CPU.ActiveCfg = Debug|Any CPU
		{978AF6C8-293B-4ACC-8788-00F8873DAAEC}.Debug|Any CPU.Build.0 = Debug|Any CPU
		{978AF6C8-293B-4ACC-8788-00F8873DAAEC}.Release|Any CPU.ActiveCfg = Release|Any CPU
		{978AF6C8-293B-4ACC-8788-00F8873DAAEC}.Release|Any CPU.Build.0 = Release|Any CPU
		{67560A9E-2026-47FC-8C85-AB2CF0A702D6}.Debug|Any CPU.ActiveCfg = Debug|Any CPU
		{67560A9E-2026-47FC-8C85-AB2CF0A702D6}.Debug|Any CPU.Build.0 = Debug|Any CPU
		{67560A9E-2026-47FC-8C85-AB2CF0A702D6}.Release|Any CPU.ActiveCfg = Release|Any CPU
		{67560A9E-2026-47FC-8C85-AB2CF0A702D6}.Release|Any CPU.Build.0 = Release|Any CPU
		{E58D2A89-403A-4C0A-898E-B3BBA7C7B94B}.Debug|Any CPU.ActiveCfg = Debug|Any CPU
		{E58D2A89-403A-4C0A-898E-B3BBA7C7B94B}.Debug|Any CPU.Build.0 = Debug|Any CPU
		{E58D2A89-403A-4C0A-898E-B3BBA7C7B94B}.Release|Any CPU.ActiveCfg = Release|Any CPU
		{E58D2A89-403A-4C0A-898E-B3BBA7C7B94B}.Release|Any CPU.Build.0 = Release|Any CPU
	EndGlobalSection
	GlobalSection(SolutionProperties) = preSolution
		HideSolutionNode = FALSE
	EndGlobalSection
	GlobalSection(ExtensibilityGlobals) = postSolution
		SolutionGuid = {4F653853-0AC8-464C-B2F1-04823C840CA6}
	EndGlobalSection
EndGlobal
